
Microsoft Visual Studio Solution File, Format Version 12.00
# Visual Studio Version 17
VisualStudioVersion = 17.14.36811.4 d17.14
MinimumVisualStudioVersion = 10.0.40219.1
Project("{8BC9CEB8-8B4A-11D0-8D11-00A0C91BC942}") = "sudoku", "sudoku.vcxproj", "{F7C7679D-EC90-4EEE-BACF-FD5423511D71}"
EndProject
Global
	GlobalSection(SolutionConfigurationPlatforms) = preSolution
		Debug|x64 = Debug|x64
		Debug|x86 = Debug|x86
		Release|x64 = Release|x64
		Release|x86 = Release|x86
	EndGlobalSection
	GlobalSection(ProjectConfigurationPlatforms) = postSolution
		{F7C7679D-EC90-4EEE-BACF-FD5423511D71}.Debug|x64.ActiveCfg = Debug|x64
		{F7C7679D-EC90-4EEE-BACF-FD5423511D71}.Debug|x64.Build.0 = Debug|x64
		{F7C7679D-EC90-4EEE-BACF-FD5423511D71}.Debug|x86.ActiveCfg = Debug|Win32
		{F7C7679D-EC90-4EEE-BACF-FD5423511D71}.Debug|x86.Build.0 = Debug|Win32
		{F7C7679D-EC90-4EEE-BACF-FD5423511D71}.Release|x64.ActiveCfg = Release|x64
		{F7C7679D-EC90-4EEE-BACF-FD5423511D71}.Release|x64.Build.0 = Release|x64
		{F7C7679D-EC90-4EEE-BACF-FD5423511D71}.Release|x86.ActiveCfg = Release|Win32
		{F7C7679D-EC90-4EEE-BACF-FD5423511D71}.Release|x86.Build.0 = Release|Win32
	EndGlobalSection
	GlobalSection(SolutionProperties) = preSolution
		HideSolutionNode = FALSE
	EndGlobalSection
	GlobalSection(ExtensibilityGlobals) = postSolution
		SolutionGuid = {F5FCC21F-69BB-4FAE-8FD1-6C415BBC72B7}
	EndGlobalSection
EndGlobal
